
Microsoft Visual Studio Solution File, Format Version 12.00
# Visual Studio Version 17
VisualStudioVersion = 17.10.34916.146
MinimumVisualStudioVersion = 10.0.40219.1
Project("{9A19103F-16F7-4668-BE54-9A1E7A4F7556}") = "DedupWinUI", "DedupWinUI\DedupWinUI.csproj", "{E38426A3-313C-475F-BFBC-3828BF0FD40B}"
EndProject
Project("{9A19103F-16F7-4668-BE54-9A1E7A4F7556}") = "DedupConsole", "DedupConsole\DedupConsole.csproj", "{A579CF97-46E5-4EC2-A424-4C4EB571E603}"
EndProject
Project("{9A19103F-16F7-4668-BE54-9A1E7A4F7556}") = "DedupWinUI.Tests", "DedupWinUI.Tests\DedupWinUI.Tests.csproj", "{A69B0387-FEE6-4BE6-A625-9C86192DD1F6}"
EndProject
Project("{9A19103F-16F7-4668-BE54-9A1E7A4F7556}") = "Services", "Services\Services.csproj", "{083D217F-C646-44F0-9FE8-C56ACC5B12C0}"
EndProject
Project("{9A19103F-16F7-4668-BE54-9A1E7A4F7556}") = "Services.Tests", "Services.Tests\Services.Tests.csproj", "{C2540011-4770-43DF-AA92-2A00B669951A}"
EndProject
Global
	GlobalSection(SolutionConfigurationPlatforms) = preSolution
		Debug|Any CPU = Debug|Any CPU
		Debug|ARM64 = Debug|ARM64
		Debug|x64 = Debug|x64
		Debug|x86 = Debug|x86
		Release|Any CPU = Release|Any CPU
		Release|ARM64 = Release|ARM64
		Release|x64 = Release|x64
		Release|x86 = Release|x86
	EndGlobalSection
	GlobalSection(ProjectConfigurationPlatforms) = postSolution
		{E38426A3-313C-475F-BFBC-3828BF0FD40B}.Debug|Any CPU.ActiveCfg = Debug|x64
		{E38426A3-313C-475F-BFBC-3828BF0FD40B}.Debug|Any CPU.Build.0 = Debug|x64
		{E38426A3-313C-475F-BFBC-3828BF0FD40B}.Debug|Any CPU.Deploy.0 = Debug|x64
		{E38426A3-313C-475F-BFBC-3828BF0FD40B}.Debug|ARM64.ActiveCfg = Debug|ARM64
		{E38426A3-313C-475F-BFBC-3828BF0FD40B}.Debug|ARM64.Build.0 = Debug|ARM64
		{E38426A3-313C-475F-BFBC-3828BF0FD40B}.Debug|ARM64.Deploy.0 = Debug|ARM64
		{E38426A3-313C-475F-BFBC-3828BF0FD40B}.Debug|x64.ActiveCfg = Debug|x64
		{E38426A3-313C-475F-BFBC-3828BF0FD40B}.Debug|x64.Build.0 = Debug|x64
		{E38426A3-313C-475F-BFBC-3828BF0FD40B}.Debug|x64.Deploy.0 = Debug|x64
		{E38426A3-313C-475F-BFBC-3828BF0FD40B}.Debug|x86.ActiveCfg = Debug|x86
		{E38426A3-313C-475F-BFBC-3828BF0FD40B}.Debug|x86.Build.0 = Debug|x86
		{E38426A3-313C-475F-BFBC-3828BF0FD40B}.Debug|x86.Deploy.0 = Debug|x86
		{E38426A3-313C-475F-BFBC-3828BF0FD40B}.Release|Any CPU.ActiveCfg = Release|x64
		{E38426A3-313C-475F-BFBC-3828BF0FD40B}.Release|Any CPU.Build.0 = Release|x64
		{E38426A3-313C-475F-BFBC-3828BF0FD40B}.Release|Any CPU.Deploy.0 = Release|x64
		{E38426A3-313C-475F-BFBC-3828BF0FD40B}.Release|ARM64.ActiveCfg = Release|ARM64
		{E38426A3-313C-475F-BFBC-3828BF0FD40B}.Release|ARM64.Build.0 = Release|ARM64
		{E38426A3-313C-475F-BFBC-3828BF0FD40B}.Release|ARM64.Deploy.0 = Release|ARM64
		{E38426A3-313C-475F-BFBC-3828BF0FD40B}.Release|x64.ActiveCfg = Release|x64
		{E38426A3-313C-475F-BFBC-3828BF0FD40B}.Release|x64.Build.0 = Release|x64
		{E38426A3-313C-475F-BFBC-3828BF0FD40B}.Release|x64.Deploy.0 = Release|x64
		{E38426A3-313C-475F-BFBC-3828BF0FD40B}.Release|x86.ActiveCfg = Release|x86
		{E38426A3-313C-475F-BFBC-3828BF0FD40B}.Release|x86.Build.0 = Release|x86
		{E38426A3-313C-475F-BFBC-3828BF0FD40B}.Release|x86.Deploy.0 = Release|x86
		{A579CF97-46E5-4EC2-A424-4C4EB571E603}.Debug|Any CPU.ActiveCfg = Debug|Any CPU
		{A579CF97-46E5-4EC2-A424-4C4EB571E603}.Debug|Any CPU.Build.0 = Debug|Any CPU
		{A579CF97-46E5-4EC2-A424-4C4EB571E603}.Debug|ARM64.ActiveCfg = Debug|Any CPU
		{A579CF97-46E5-4EC2-A424-4C4EB571E603}.Debug|ARM64.Build.0 = Debug|Any CPU
		{A579CF97-46E5-4EC2-A424-4C4EB571E603}.Debug|x64.ActiveCfg = Debug|Any CPU
		{A579CF97-46E5-4EC2-A424-4C4EB571E603}.Debug|x64.Build.0 = Debug|Any CPU
		{A579CF97-46E5-4EC2-A424-4C4EB571E603}.Debug|x86.ActiveCfg = Debug|Any CPU
		{A579CF97-46E5-4EC2-A424-4C4EB571E603}.Debug|x86.Build.0 = Debug|Any CPU
		{A579CF97-46E5-4EC2-A424-4C4EB571E603}.Release|Any CPU.ActiveCfg = Release|Any CPU
		{A579CF97-46E5-4EC2-A424-4C4EB571E603}.Release|Any CPU.Build.0 = Release|Any CPU
		{A579CF97-46E5-4EC2-A424-4C4EB571E603}.Release|ARM64.ActiveCfg = Release|Any CPU
		{A579CF97-46E5-4EC2-A424-4C4EB571E603}.Release|ARM64.Build.0 = Release|Any CPU
		{A579CF97-46E5-4EC2-A424-4C4EB571E603}.Release|x64.ActiveCfg = Release|Any CPU
		{A579CF97-46E5-4EC2-A424-4C4EB571E603}.Release|x64.Build.0 = Release|Any CPU
		{A579CF97-46E5-4EC2-A424-4C4EB571E603}.Release|x86.ActiveCfg = Release|Any CPU
		{A579CF97-46E5-4EC2-A424-4C4EB571E603}.Release|x86.Build.0 = Release|Any CPU
		{A69B0387-FEE6-4BE6-A625-9C86192DD1F6}.Debug|Any CPU.ActiveCfg = Debug|Any CPU
		{A69B0387-FEE6-4BE6-A625-9C86192DD1F6}.Debug|Any CPU.Build.0 = Debug|Any CPU
		{A69B0387-FEE6-4BE6-A625-9C86192DD1F6}.Debug|ARM64.ActiveCfg = Debug|Any CPU
		{A69B0387-FEE6-4BE6-A625-9C86192DD1F6}.Debug|ARM64.Build.0 = Debug|Any CPU
		{A69B0387-FEE6-4BE6-A625-9C86192DD1F6}.Debug|x64.ActiveCfg = Debug|Any CPU
		{A69B0387-FEE6-4BE6-A625-9C86192DD1F6}.Debug|x64.Build.0 = Debug|Any CPU
		{A69B0387-FEE6-4BE6-A625-9C86192DD1F6}.Debug|x86.ActiveCfg = Debug|Any CPU
		{A69B0387-FEE6-4BE6-A625-9C86192DD1F6}.Debug|x86.Build.0 = Debug|Any CPU
		{A69B0387-FEE6-4BE6-A625-9C86192DD1F6}.Release|Any CPU.ActiveCfg = Release|Any CPU
		{A69B0387-FEE6-4BE6-A625-9C86192DD1F6}.Release|Any CPU.Build.0 = Release|Any CPU
		{A69B0387-FEE6-4BE6-A625-9C86192DD1F6}.Release|ARM64.ActiveCfg = Release|Any CPU
		{A69B0387-FEE6-4BE6-A625-9C86192DD1F6}.Release|ARM64.Build.0 = Release|Any CPU
		{A69B0387-FEE6-4BE6-A625-9C86192DD1F6}.Release|x64.ActiveCfg = Release|Any CPU
		{A69B0387-FEE6-4BE6-A625-9C86192DD1F6}.Release|x64.Build.0 = Release|Any CPU
		{A69B0387-FEE6-4BE6-A625-9C86192DD1F6}.Release|x86.ActiveCfg = Release|Any CPU
		{A69B0387-FEE6-4BE6-A625-9C86192DD1F6}.Release|x86.Build.0 = Release|Any CPU
		{083D217F-C646-44F0-9FE8-C56ACC5B12C0}.Debug|Any CPU.ActiveCfg = Debug|Any CPU
		{083D217F-C646-44F0-9FE8-C56ACC5B12C0}.Debug|Any CPU.Build.0 = Debug|Any CPU
		{083D217F-C646-44F0-9FE8-C56ACC5B12C0}.Debug|ARM64.ActiveCfg = Debug|Any CPU
		{083D217F-C646-44F0-9FE8-C56ACC5B12C0}.Debug|ARM64.Build.0 = Debug|Any CPU
		{083D217F-C646-44F0-9FE8-C56ACC5B12C0}.Debug|x64.ActiveCfg = Debug|Any CPU
		{083D217F-C646-44F0-9FE8-C56ACC5B12C0}.Debug|x64.Build.0 = Debug|Any CPU
		{083D217F-C646-44F0-9FE8-C56ACC5B12C0}.Debug|x86.ActiveCfg = Debug|Any CPU
		{083D217F-C646-44F0-9FE8-C56ACC5B12C0}.Debug|x86.Build.0 = Debug|Any CPU
		{083D217F-C646-44F0-9FE8-C56ACC5B12C0}.Release|Any CPU.ActiveCfg = Release|Any CPU
		{083D217F-C646-44F0-9FE8-C56ACC5B12C0}.Release|Any CPU.Build.0 = Release|Any CPU
		{083D217F-C646-44F0-9FE8-C56ACC5B12C0}.Release|ARM64.ActiveCfg = Release|Any CPU
		{083D217F-C646-44F0-9FE8-C56ACC5B12C0}.Release|ARM64.Build.0 = Release|Any CPU
		{083D217F-C646-44F0-9FE8-C56ACC5B12C0}.Release|x64.ActiveCfg = Release|Any CPU
		{083D217F-C646-44F0-9FE8-C56ACC5B12C0}.Release|x64.Build.0 = Release|Any CPU
		{083D217F-C646-44F0-9FE8-C56ACC5B12C0}.Release|x86.ActiveCfg = Release|Any CPU
		{083D217F-C646-44F0-9FE8-C56ACC5B12C0}.Release|x86.Build.0 = Release|Any CPU
		{C2540011-4770-43DF-AA92-2A00B669951A}.Debug|Any CPU.ActiveCfg = Debug|Any CPU
		{C2540011-4770-43DF-AA92-2A00B669951A}.Debug|Any CPU.Build.0 = Debug|Any CPU
		{C2540011-4770-43DF-AA92-2A00B669951A}.Debug|ARM64.ActiveCfg = Debug|Any CPU
		{C2540011-4770-43DF-AA92-2A00B669951A}.Debug|ARM64.Build.0 = Debug|Any CPU
		{C2540011-4770-43DF-AA92-2A00B669951A}.Debug|x64.ActiveCfg = Debug|Any CPU
		{C2540011-4770-43DF-AA92-2A00B669951A}.Debug|x64.Build.0 = Debug|Any CPU
		{C2540011-4770-43DF-AA92-2A00B669951A}.Debug|x86.ActiveCfg = Debug|Any CPU
		{C2540011-4770-43DF-AA92-2A00B669951A}.Debug|x86.Build.0 = Debug|Any CPU
		{C2540011-4770-43DF-AA92-2A00B669951A}.Release|Any CPU.ActiveCfg = Release|Any CPU
		{C2540011-4770-43DF-AA92-2A00B669951A}.Release|Any CPU.Build.0 = Release|Any CPU
		{C2540011-4770-43DF-AA92-2A00B669951A}.Release|ARM64.ActiveCfg = Release|Any CPU
		{C2540011-4770-43DF-AA92-2A00B669951A}.Release|ARM64.Build.0 = Release|Any CPU
		{C2540011-4770-43DF-AA92-2A00B669951A}.Release|x64.ActiveCfg = Release|Any CPU
		{C2540011-4770-43DF-AA92-2A00B669951A}.Release|x64.Build.0 = Release|Any CPU
		{C2540011-4770-43DF-AA92-2A00B669951A}.Release|x86.ActiveCfg = Release|Any CPU
		{C2540011-4770-43DF-AA92-2A00B669951A}.Release|x86.Build.0 = Release|Any CPU
	EndGlobalSection
	GlobalSection(SolutionProperties) = preSolution
		HideSolutionNode = FALSE
	EndGlobalSection
	GlobalSection(ExtensibilityGlobals) = postSolution
		SolutionGuid = {FE610222-D8C1-4831-A5B7-930279B40E35}
	EndGlobalSection
EndGlobal
